
Microsoft Visual Studio Solution File, Format Version 12.00
# Visual Studio 15
VisualStudioVersion = 15.0.28307.572
MinimumVisualStudioVersion = 10.0.40219.1
Project("{FAE04EC0-301F-11D3-BF4B-00C04F79EFBC}") = "Lesson2Homework1", "Lesson2Homework1\Lesson2Homework1.csproj", "{EB9F49F2-5870-481B-AD53-9922F78A5DB6}"
EndProject
Project("{FAE04EC0-301F-11D3-BF4B-00C04F79EFBC}") = "Lesson2Homework2", "Lesson2Homework2\Lesson2Homework2.csproj", "{29C4793D-BFCD-4D37-91F2-809CC2AE6FB8}"
EndProject
Project("{FAE04EC0-301F-11D3-BF4B-00C04F79EFBC}") = "Lesson2Homework3", "Lesson2Homework3\Lesson2Homework3.csproj", "{961FAFFF-E3E7-41A2-8E3D-FC4F8A71559A}"
EndProject
Project("{FAE04EC0-301F-11D3-BF4B-00C04F79EFBC}") = "FunTEST", "FunTEST\FunTEST.csproj", "{21E390F5-0A3B-4A47-A783-AE24257D690B}"
EndProject
Global
	GlobalSection(SolutionConfigurationPlatforms) = preSolution
		Debug|Any CPU = Debug|Any CPU
		Release|Any CPU = Release|Any CPU
	EndGlobalSection
	GlobalSection(ProjectConfigurationPlatforms) = postSolution
		{EB9F49F2-5870-481B-AD53-9922F78A5DB6}.Debug|Any CPU.ActiveCfg = Debug|Any CPU
		{EB9F49F2-5870-481B-AD53-9922F78A5DB6}.Debug|Any CPU.Build.0 = Debug|Any CPU
		{EB9F49F2-5870-481B-AD53-9922F78A5DB6}.Release|Any CPU.ActiveCfg = Release|Any CPU
		{EB9F49F2-5870-481B-AD53-9922F78A5DB6}.Release|Any CPU.Build.0 = Release|Any CPU
		{29C4793D-BFCD-4D37-91F2-809CC2AE6FB8}.Debug|Any CPU.ActiveCfg = Debug|Any CPU
		{29C4793D-BFCD-4D37-91F2-809CC2AE6FB8}.Debug|Any CPU.Build.0 = Debug|Any CPU
		{29C4793D-BFCD-4D37-91F2-809CC2AE6FB8}.Release|Any CPU.ActiveCfg = Release|Any CPU
		{29C4793D-BFCD-4D37-91F2-809CC2AE6FB8}.Release|Any CPU.Build.0 = Release|Any CPU
		{961FAFFF-E3E7-41A2-8E3D-FC4F8A71559A}.Debug|Any CPU.ActiveCfg = Debug|Any CPU
		{961FAFFF-E3E7-41A2-8E3D-FC4F8A71559A}.Debug|Any CPU.Build.0 = Debug|Any CPU
		{961FAFFF-E3E7-41A2-8E3D-FC4F8A71559A}.Release|Any CPU.ActiveCfg = Release|Any CPU
		{961FAFFF-E3E7-41A2-8E3D-FC4F8A71559A}.Release|Any CPU.Build.0 = Release|Any CPU
		{21E390F5-0A3B-4A47-A783-AE24257D690B}.Debug|Any CPU.ActiveCfg = Debug|Any CPU
		{21E390F5-0A3B-4A47-A783-AE24257D690B}.Debug|Any CPU.Build.0 = Debug|Any CPU
		{21E390F5-0A3B-4A47-A783-AE24257D690B}.Release|Any CPU.ActiveCfg = Release|Any CPU
		{21E390F5-0A3B-4A47-A783-AE24257D690B}.Release|Any CPU.Build.0 = Release|Any CPU
	EndGlobalSection
	GlobalSection(SolutionProperties) = preSolution
		HideSolutionNode = FALSE
	EndGlobalSection
	GlobalSection(ExtensibilityGlobals) = postSolution
		SolutionGuid = {BBD5F288-702B-4C06-96A0-AE1B4AE78863}
	EndGlobalSection
EndGlobal
